
Microsoft Visual Studio Solution File, Format Version 11.00
# Visual Studio 2010
Project("{FAE04EC0-301F-11D3-BF4B-00C04F79EFBC}") = "Assembly-CSharp", "Assembly-CSharp.csproj", "{8cfd9c32-7c93-e2a1-d72f-f81ff0b541a0}"
EndProject
Project("{FAE04EC0-301F-11D3-BF4B-00C04F79EFBC}") = "Assembly-CSharp-Editor", "Assembly-CSharp-Editor.csproj", "{73cd145e-009e-e2e8-e71c-45cdd61a2312}"
EndProject
Project("{FAE04EC0-301F-11D3-BF4B-00C04F79EFBC}") = "Assembly-CSharp", "Assembly-CSharp.Player.csproj", "{108ed96d-9832-fd6f-78db-8b4e8939f018}"
EndProject
Global
	GlobalSection(SolutionConfigurationPlatforms) = preSolution
		Debug|Any CPU = Debug|Any CPU
		Release|Any CPU = Release|Any CPU
	EndGlobalSection
	GlobalSection(ProjectConfigurationPlatforms) = postSolution
		{8cfd9c32-7c93-e2a1-d72f-f81ff0b541a0}.Debug|Any CPU.ActiveCfg = Debug|Any CPU
		{8cfd9c32-7c93-e2a1-d72f-f81ff0b541a0}.Debug|Any CPU.Build.0 = Debug|Any CPU
		{8cfd9c32-7c93-e2a1-d72f-f81ff0b541a0}.Release|Any CPU.ActiveCfg = Release|Any CPU
		{8cfd9c32-7c93-e2a1-d72f-f81ff0b541a0}.Release|Any CPU.Build.0 = Release|Any CPU
		{73cd145e-009e-e2e8-e71c-45cdd61a2312}.Debug|Any CPU.ActiveCfg = Debug|Any CPU
		{73cd145e-009e-e2e8-e71c-45cdd61a2312}.Debug|Any CPU.Build.0 = Debug|Any CPU
		{73cd145e-009e-e2e8-e71c-45cdd61a2312}.Release|Any CPU.ActiveCfg = Release|Any CPU
		{73cd145e-009e-e2e8-e71c-45cdd61a2312}.Release|Any CPU.Build.0 = Release|Any CPU
		{108ed96d-9832-fd6f-78db-8b4e8939f018}.Debug|Any CPU.ActiveCfg = Debug|Any CPU
		{108ed96d-9832-fd6f-78db-8b4e8939f018}.Debug|Any CPU.Build.0 = Debug|Any CPU
		{108ed96d-9832-fd6f-78db-8b4e8939f018}.Release|Any CPU.ActiveCfg = Release|Any CPU
		{108ed96d-9832-fd6f-78db-8b4e8939f018}.Release|Any CPU.Build.0 = Release|Any CPU
	EndGlobalSection
	GlobalSection(SolutionProperties) = preSolution
		HideSolutionNode = FALSE
	EndGlobalSection
EndGlobal
